
Microsoft Visual Studio Solution File, Format Version 12.00
# Visual Studio Version 16
VisualStudioVersion = 16.0.30011.22
MinimumVisualStudioVersion = 10.0.40219.1
Project("{9A19103F-16F7-4668-BE54-9A1E7A4F7556}") = "StringCalculator", "StringCalculator\StringCalculator.csproj", "{79E5B4BF-7AF0-4239-8CC9-3BD8349CFD6B}"
EndProject
Project("{9A19103F-16F7-4668-BE54-9A1E7A4F7556}") = "StringCalculatorTests", "StringCalculatorTests\StringCalculatorTests.csproj", "{D34E604D-5ABC-4141-9960-620FB0173B0A}"
EndProject
Global
	GlobalSection(SolutionConfigurationPlatforms) = preSolution
		Debug|Any CPU = Debug|Any CPU
		Release|Any CPU = Release|Any CPU
	EndGlobalSection
	GlobalSection(ProjectConfigurationPlatforms) = postSolution
		{79E5B4BF-7AF0-4239-8CC9-3BD8349CFD6B}.Debug|Any CPU.ActiveCfg = Debug|Any CPU
		{79E5B4BF-7AF0-4239-8CC9-3BD8349CFD6B}.Debug|Any CPU.Build.0 = Debug|Any CPU
		{79E5B4BF-7AF0-4239-8CC9-3BD8349CFD6B}.Release|Any CPU.ActiveCfg = Release|Any CPU
		{79E5B4BF-7AF0-4239-8CC9-3BD8349CFD6B}.Release|Any CPU.Build.0 = Release|Any CPU
		{D34E604D-5ABC-4141-9960-620FB0173B0A}.Debug|Any CPU.ActiveCfg = Debug|Any CPU
		{D34E604D-5ABC-4141-9960-620FB0173B0A}.Debug|Any CPU.Build.0 = Debug|Any CPU
		{D34E604D-5ABC-4141-9960-620FB0173B0A}.Release|Any CPU.ActiveCfg = Release|Any CPU
		{D34E604D-5ABC-4141-9960-620FB0173B0A}.Release|Any CPU.Build.0 = Release|Any CPU
	EndGlobalSection
	GlobalSection(SolutionProperties) = preSolution
		HideSolutionNode = FALSE
	EndGlobalSection
	GlobalSection(ExtensibilityGlobals) = postSolution
		SolutionGuid = {787AEECD-2971-4D17-A731-FEE0F609AEE7}
	EndGlobalSection
EndGlobal
